
Microsoft Visual Studio Solution File, Format Version 12.00
# Visual Studio Version 16
VisualStudioVersion = 16.0.32602.291
MinimumVisualStudioVersion = 10.0.40219.1
Project("{FAE04EC0-301F-11D3-BF4B-00C04F79EFBC}") = "PurchaseManagementSystem", "PurchaseManagementSystem.csproj", "{AED116F2-0D71-4848-B0F4-BD345282CE01}"
EndProject
Global
	GlobalSection(SolutionConfigurationPlatforms) = preSolution
		Debug|Any CPU = Debug|Any CPU
		Release|Any CPU = Release|Any CPU
	EndGlobalSection
	GlobalSection(ProjectConfigurationPlatforms) = postSolution
		{AED116F2-0D71-4848-B0F4-BD345282CE01}.Debug|Any CPU.ActiveCfg = Debug|Any CPU
		{AED116F2-0D71-4848-B0F4-BD345282CE01}.Debug|Any CPU.Build.0 = Debug|Any CPU
		{AED116F2-0D71-4848-B0F4-BD345282CE01}.Release|Any CPU.ActiveCfg = Release|Any CPU
		{AED116F2-0D71-4848-B0F4-BD345282CE01}.Release|Any CPU.Build.0 = Release|Any CPU
	EndGlobalSection
	GlobalSection(SolutionProperties) = preSolution
		HideSolutionNode = FALSE
	EndGlobalSection
	GlobalSection(ExtensibilityGlobals) = postSolution
		SolutionGuid = {2CA1BB22-0829-4018-9C25-63B9F6481366}
	EndGlobalSection
EndGlobal
